hash: d411425b4f9db07589085d22323989d1ba481bfb0dd3cddbcc5288ab094b4b65
updated: 2019-01-23T12:12:19.867067821+01:00
imports:
- name: github.com/cenkalti/backoff
  version: 1e4cf3da559842a91afcb6ea6141451e6c30c618
- name: github.com/eclipse/paho.mqtt.golang
  version: cb7eb9363b4469c601b1a714447653b720e4e43a
  subpackages:
  - packets
- name: github.com/energieip/common-components-go
  version: 1f5d6953fa9348675b24af83b51c40a893759a12
  subpackages:
  - pkg/database
  - pkg/dblind
  - pkg/dgroup
  - pkg/dled
  - pkg/dsensor
  - pkg/dswitch
  - pkg/network
  - pkg/service
- name: github.com/energieip/common-tools-go
  version: e984ad0511951c4e76e0145ed686128121575be8
  subpackages:
  - pkg/tools
- name: github.com/golang/protobuf
  version: 347cf4a86c1cb8d262994d8ef5924d4576c5b331
  subpackages:
  - proto
- name: github.com/hailocab/go-hostpool
  version: e80d13ce29ede4452c43dea11e79b9bc8a15b478
- name: github.com/konsorten/go-windows-terminal-sequences
  version: 5c8c8bd35d3832f5d134ae1e1e375b69a4d25242
- name: github.com/opentracing/opentracing-go
  version: 8b5a441dc60e8d9bb9bf9d22060b6d94fa599983
  subpackages:
  - ext
  - log
- name: github.com/romana/rlog
  version: f018bc92e7d71f27c04e04cbf008860416c21d01
- name: github.com/sirupsen/logrus
  version: 7d8d63893b994a654b3bc8d16ffd7fb6b9f884a4
- name: golang.org/x/crypto
  version: 057139ce5d2bdbe6fe73c53679e24e9cf007f637
  subpackages:
  - pbkdf2
  - ssh/terminal
- name: golang.org/x/net
  version: ed066c81e75eba56dd9bd2139ade88125b855585
  subpackages:
  - context
  - internal/socks
  - proxy
  - websocket
- name: golang.org/x/sys
  version: c6b37f3e92850b723493d63fd35aad34e19e048d
  subpackages:
  - unix
  - windows
- name: gopkg.in/fatih/pool.v2
  version: 010e0b745d12eaf8426c95f9c3924d81dd0b668f
- name: gopkg.in/rethinkdb/rethinkdb-go.v5
  version: 442075482543497ce5f159d3dea451dc43bd1c0a
  subpackages:
  - encoding
  - ql2
  - types
testImports: []
