hash: d411425b4f9db07589085d22323989d1ba481bfb0dd3cddbcc5288ab094b4b65
updated: 2019-10-14T15:33:28.581392981+02:00
imports:
- name: github.com/cenkalti/backoff
  version: 2146c93394225c3732078705043ce9f26584d334
- name: github.com/eclipse/paho.mqtt.golang
  version: 2e9e43b5d02b38840f73bf795ddc8a266a10bf53
  subpackages:
  - packets
- name: github.com/energieip/common-components-go
  version: e5a8d3f2f59c87758882b82c2d2e54e98f238772
  subpackages:
  - pkg/database
  - pkg/dblind
  - pkg/dgroup
  - pkg/dhvac
  - pkg/dled
  - pkg/dnanosense
  - pkg/dsensor
  - pkg/dswitch
  - pkg/duser
  - pkg/dwago
  - pkg/network
  - pkg/pconst
  - pkg/service
  - pkg/tools
- name: github.com/golang/protobuf
  version: 1680a479a2cfb3fa22b972af7e36d0a0fde47bf8
  subpackages:
  - proto
- name: github.com/gorilla/mux
  version: 884b5ffcbd3a11b730f0b75f5c86ac408753c34d
- name: github.com/gorilla/websocket
  version: c3e18be99d19e6b3e8f1559eea2c161a665c4b6b
- name: github.com/hailocab/go-hostpool
  version: e80d13ce29ede4452c43dea11e79b9bc8a15b478
- name: github.com/konsorten/go-windows-terminal-sequences
  version: f55edac94c9bbba5d6182a4be46d86a2c9b5b50e
- name: github.com/opentracing/opentracing-go
  version: a7454ce5950e83caac9774ef32cc8979e5975f30
  subpackages:
  - ext
  - log
- name: github.com/orcaman/concurrent-map
  version: 8c72a8bb44f6cfcff2abae8ebcbaaaf883331363
- name: github.com/romana/rlog
  version: f018bc92e7d71f27c04e04cbf008860416c21d01
- name: github.com/sirupsen/logrus
  version: d12cdc065f60fad310aec12d82e57208a0cfee52
- name: golang.org/x/crypto
  version: 87dc89f01550277dc22b74ffcf4cd89fa2f40f4c
  subpackages:
  - pbkdf2
- name: golang.org/x/net
  version: 491137f692577e390404f177a0515c9f86f79754
  subpackages:
  - context
  - internal/socks
  - proxy
- name: golang.org/x/sys
  version: b09406accb4736d857a32bf9444cd7edae2ffa79
  subpackages:
  - unix
- name: gopkg.in/fatih/pool.v2
  version: 010e0b745d12eaf8426c95f9c3924d81dd0b668f
- name: gopkg.in/rethinkdb/rethinkdb-go.v5
  version: 442075482543497ce5f159d3dea451dc43bd1c0a
  subpackages:
  - encoding
  - ql2
  - types
testImports: []
