hash: d411425b4f9db07589085d22323989d1ba481bfb0dd3cddbcc5288ab094b4b65
updated: 2019-06-17T15:49:03.559366066+02:00
imports:
- name: github.com/cenkalti/backoff
  version: 2146c93394225c3732078705043ce9f26584d334
- name: github.com/eclipse/paho.mqtt.golang
  version: adca289fdcf8c883800aafa545bc263452290bae
  subpackages:
  - packets
- name: github.com/energieip/common-components-go
  version: 1dd6bca243a250ae9027fafc8200d3b12edb4e64
  subpackages:
  - pkg/database
  - pkg/dblind
  - pkg/dgroup
  - pkg/dhvac
  - pkg/dled
  - pkg/dsensor
  - pkg/dswitch
  - pkg/duser
  - pkg/network
  - pkg/service
  - pkg/tools
- name: github.com/golang/protobuf
  version: b285ee9cfc6c881bb20c0d8dc73370ea9b9ec90f
  subpackages:
  - proto
- name: github.com/gorilla/mux
  version: ed099d42384823742bba0bf9a72b53b55c9e2e38
- name: github.com/hailocab/go-hostpool
  version: e80d13ce29ede4452c43dea11e79b9bc8a15b478
- name: github.com/konsorten/go-windows-terminal-sequences
  version: f55edac94c9bbba5d6182a4be46d86a2c9b5b50e
- name: github.com/opentracing/opentracing-go
  version: 659c90643e714681897ec2521c60567dd21da733
  subpackages:
  - ext
  - log
- name: github.com/orcaman/concurrent-map
  version: 2693aad1ed7517c2bb5b3a42cb8fde88b941d89d
- name: github.com/romana/rlog
  version: f018bc92e7d71f27c04e04cbf008860416c21d01
- name: github.com/sirupsen/logrus
  version: 2a22dbedbad1fd454910cd1f44f210ef90c28464
- name: golang.org/x/crypto
  version: 57b3e21c3d5606066a87e63cfe07ec6b9f0db000
  subpackages:
  - pbkdf2
- name: golang.org/x/net
  version: d28f0bde5980168871434b95cfc858db9f2a7a99
  subpackages:
  - context
  - internal/socks
  - proxy
  - websocket
- name: golang.org/x/sys
  version: 15dcb6c0061f497a3f66e3ea034b629c6dd4d99e
  subpackages:
  - unix
- name: gopkg.in/fatih/pool.v2
  version: 010e0b745d12eaf8426c95f9c3924d81dd0b668f
- name: gopkg.in/rethinkdb/rethinkdb-go.v5
  version: 442075482543497ce5f159d3dea451dc43bd1c0a
  subpackages:
  - encoding
  - ql2
  - types
testImports: []
